// !$*UTF8*$!
{
	archiveVersion = 1;
	classes = {
	};
	objectVersion = 56;
	objects = {

/* Begin PBXBuildFile section */
		DBEA22992C9287D50087535C /* BmiRiskCaclulatorApp.swift in Sources */ = {isa = PBXBuildFile; fileRef = DBEA22982C9287D50087535C /* BmiRiskCaclulatorApp.swift */; };
		DBEA229B2C9287D50087535C /* ContentView.swift in Sources */ = {isa = PBXBuildFile; fileRef = DBEA229A2C9287D50087535C /* ContentView.swift */; };
		DBEA229D2C9287D50087535C /* Item.swift in Sources */ = {isa = PBXBuildFile; fileRef = DBEA229C2C9287D50087535C /* Item.swift */; };
		DBEA229F2C9287D60087535C /* Assets.xcassets in Resources */ = {isa = PBXBuildFile; fileRef = DBEA229E2C9287D60087535C /* Assets.xcassets */; };
		DBEA22A22C9287D60087535C /* Preview Assets.xcassets in Resources */ = {isa = PBXBuildFile; fileRef = DBEA22A12C9287D60087535C /* Preview Assets.xcassets */; };
		DBEA22AC2C9287D70087535C /* BmiRiskCaclulatorTests.swift in Sources */ = {isa = PBXBuildFile; fileRef = DBEA22AB2C9287D70087535C /* BmiRiskCaclulatorTests.swift */; };
		DBEA22B62C9287D70087535C /* BmiRiskCaclulatorUITests.swift in Sources */ = {isa = PBXBuildFile; fileRef = DBEA22B52C9287D70087535C /* BmiRiskCaclulatorUITests.swift */; };
		DBEA22B82C9287D70087535C /* BmiRiskCaclulatorUITestsLaunchTests.swift in Sources */ = {isa = PBXBuildFile; fileRef = DBEA22B72C9287D70087535C /* BmiRiskCaclulatorUITestsLaunchTests.swift */; };
/* End PBXBuildFile section */

/* Begin PBXContainerItemProxy section */
		DBEA22A82C9287D70087535C /* PBXContainerItemProxy */ = {
			isa = PBXContainerItemProxy;
			containerPortal = DBEA228D2C9287D50087535C /* Project object */;
			proxyType = 1;
			remoteGlobalIDString = DBEA22942C9287D50087535C;
			remoteInfo = BmiRiskCaclulator;
		};
		DBEA22B22C9287D70087535C /* PBXContainerItemProxy */ = {
			isa = PBXContainerItemProxy;
			containerPortal = DBEA228D2C9287D50087535C /* Project object */;
			proxyType = 1;
			remoteGlobalIDString = DBEA22942C9287D50087535C;
			remoteInfo = BmiRiskCaclulator;
		};
/* End PBXContainerItemProxy section */

/* Begin PBXFileReference section */
		DBEA22952C9287D50087535C /* BmiRiskCaclulator.app */ = {isa = PBXFileReference; explicitFileType = wrapper.application; includeInIndex = 0; path = BmiRiskCaclulator.app; sourceTree = BUILT_PRODUCTS_DIR; };
		DBEA22982C9287D50087535C /* BmiRiskCaclulatorApp.swift */ = {isa = PBXFileReference; lastKnownFileType = sourcecode.swift; path = BmiRiskCaclulatorApp.swift; sourceTree = "<group>"; };
		DBEA229A2C9287D50087535C /* ContentView.swift */ = {isa = PBXFileReference; lastKnownFileType = sourcecode.swift; path = ContentView.swift; sourceTree = "<group>"; };
		DBEA229C2C9287D50087535C /* Item.swift */ = {isa = PBXFileReference; lastKnownFileType = sourcecode.swift; path = Item.swift; sourceTree = "<group>"; };
		DBEA229E2C9287D60087535C /* Assets.xcassets */ = {isa = PBXFileReference; lastKnownFileType = folder.assetcatalog; path = Assets.xcassets; sourceTree = "<group>"; };
		DBEA22A12C9287D60087535C /* Preview Assets.xcassets */ = {isa = PBXFileReference; lastKnownFileType = folder.assetcatalog; path = "Preview Assets.xcassets"; sourceTree = "<group>"; };
		DBEA22A72C9287D70087535C /* BmiRiskCaclulatorTests.xctest */ = {isa = PBXFileReference; explicitFileType = wrapper.cfbundle; includeInIndex = 0; path = BmiRiskCaclulatorTests.xctest; sourceTree = BUILT_PRODUCTS_DIR; };
		DBEA22AB2C9287D70087535C /* BmiRiskCaclulatorTests.swift */ = {isa = PBXFileReference; lastKnownFileType = sourcecode.swift; path = BmiRiskCaclulatorTests.swift; sourceTree = "<group>"; };
		DBEA22B12C9287D70087535C /* BmiRiskCaclulatorUITests.xctest */ = {isa = PBXFileReference; explicitFileType = wrapper.cfbundle; includeInIndex = 0; path = BmiRiskCaclulatorUITests.xctest; sourceTree = BUILT_PRODUCTS_DIR; };
		DBEA22B52C9287D70087535C /* BmiRiskCaclulatorUITests.swift */ = {isa = PBXFileReference; lastKnownFileType = sourcecode.swift; path = BmiRiskCaclulatorUITests.swift; sourceTree = "<group>"; };
		DBEA22B72C9287D70087535C /* BmiRiskCaclulatorUITestsLaunchTests.swift */ = {isa = PBXFileReference; lastKnownFileType = sourcecode.swift; path = BmiRiskCaclulatorUITestsLaunchTests.swift; sourceTree = "<group>"; };
/* End PBXFileReference section */

/* Begin PBXFrameworksBuildPhase section */
		DBEA22922C9287D50087535C /* Frameworks */ = {
			isa = PBXFrameworksBuildPhase;
			buildActionMask = 2147483647;
			files = (
			);
			runOnlyForDeploymentPostprocessing = 0;
		};
		DBEA22A42C9287D70087535C /* Frameworks */ = {
			isa = PBXFrameworksBuildPhase;
			buildActionMask = 2147483647;
			files = (
			);
			runOnlyForDeploymentPostprocessing = 0;
		};
		DBEA22AE2C9287D70087535C /* Frameworks */ = {
			isa = PBXFrameworksBuildPhase;
			buildActionMask = 2147483647;
			files = (
			);
			runOnlyForDeploymentPostprocessing = 0;
		};
/* End PBXFrameworksBuildPhase section */

/* Begin PBXGroup section */
		DBEA228C2C9287D50087535C = {
			isa = PBXGroup;
			children = (
				DBEA22972C9287D50087535C /* BmiRiskCaclulator */,
				DBEA22AA2C9287D70087535C /* BmiRiskCaclulatorTests */,
				DBEA22B42C9287D70087535C /* BmiRiskCaclulatorUITests */,
				DBEA22962C9287D50087535C /* Products */,
			);
			sourceTree = "<group>";
		};
		DBEA22962C9287D50087535C /* Products */ = {
			isa = PBXGroup;
			children = (
				DBEA22952C9287D50087535C /* BmiRiskCaclulator.app */,
				DBEA22A72C9287D70087535C /* BmiRiskCaclulatorTests.xctest */,
				DBEA22B12C9287D70087535C /* BmiRiskCaclulatorUITests.xctest */,
			);
			name = Products;
			sourceTree = "<group>";
		};
		DBEA22972C9287D50087535C /* BmiRiskCaclulator */ = {
			isa = PBXGroup;
			children = (
				DBEA22982C9287D50087535C /* BmiRiskCaclulatorApp.swift */,
				DBEA229A2C9287D50087535C /* ContentView.swift */,
				DBEA229C2C9287D50087535C /* Item.swift */,
				DBEA229E2C9287D60087535C /* Assets.xcassets */,
				DBEA22A02C9287D60087535C /* Preview Content */,
			);
			path = BmiRiskCaclulator;
			sourceTree = "<group>";
		};
		DBEA22A02C9287D60087535C /* Preview Content */ = {
			isa = PBXGroup;
			children = (
				DBEA22A12C9287D60087535C /* Preview Assets.xcassets */,
			);
			path = "Preview Content";
			sourceTree = "<group>";
		};
		DBEA22AA2C9287D70087535C /* BmiRiskCaclulatorTests */ = {
			isa = PBXGroup;
			children = (
				DBEA22AB2C9287D70087535C /* BmiRiskCaclulatorTests.swift */,
			);
			path = BmiRiskCaclulatorTests;
			sourceTree = "<group>";
		};
		DBEA22B42C9287D70087535C /* BmiRiskCaclulatorUITests */ = {
			isa = PBXGroup;
			children = (
				DBEA22B52C9287D70087535C /* BmiRiskCaclulatorUITests.swift */,
				DBEA22B72C9287D70087535C /* BmiRiskCaclulatorUITestsLaunchTests.swift */,
			);
			path = BmiRiskCaclulatorUITests;
			sourceTree = "<group>";
		};
/* End PBXGroup section */

/* Begin PBXNativeTarget section */
		DBEA22942C9287D50087535C /* BmiRiskCaclulator */ = {
			isa = PBXNativeTarget;
			buildConfigurationList = DBEA22BB2C9287D70087535C /* Build configuration list for PBXNativeTarget "BmiRiskCaclulator" */;
			buildPhases = (
				DBEA22912C9287D50087535C /* Sources */,
				DBEA22922C9287D50087535C /* Frameworks */,
				DBEA22932C9287D50087535C /* Resources */,
			);
			buildRules = (
			);
			dependencies = (
			);
			name = BmiRiskCaclulator;
			productName = BmiRiskCaclulator;
			productReference = DBEA22952C9287D50087535C /* BmiRiskCaclulator.app */;
			productType = "com.apple.product-type.application";
		};
		DBEA22A62C9287D70087535C /* BmiRiskCaclulatorTests */ = {
			isa = PBXNativeTarget;
			buildConfigurationList = DBEA22BE2C9287D70087535C /* Build configuration list for PBXNativeTarget "BmiRiskCaclulatorTests" */;
			buildPhases = (
				DBEA22A32C9287D70087535C /* Sources */,
				DBEA22A42C9287D70087535C /* Frameworks */,
				DBEA22A52C9287D70087535C /* Resources */,
			);
			buildRules = (
			);
			dependencies = (
				DBEA22A92C9287D70087535C /* PBXTargetDependency */,
			);
			name = BmiRiskCaclulatorTests;
			productName = BmiRiskCaclulatorTests;
			productReference = DBEA22A72C9287D70087535C /* BmiRiskCaclulatorTests.xctest */;
			productType = "com.apple.product-type.bundle.unit-test";
		};
		DBEA22B02C9287D70087535C /* BmiRiskCaclulatorUITests */ = {
			isa = PBXNativeTarget;
			buildConfigurationList = DBEA22C12C9287D70087535C /* Build configuration list for PBXNativeTarget "BmiRiskCaclulatorUITests" */;
			buildPhases = (
				DBEA22AD2C9287D70087535C /* Sources */,
				DBEA22AE2C9287D70087535C /* Frameworks */,
				DBEA22AF2C9287D70087535C /* Resources */,
			);
			buildRules = (
			);
			dependencies = (
				DBEA22B32C9287D70087535C /* PBXTargetDependency */,
			);
			name = BmiRiskCaclulatorUITests;
			productName = BmiRiskCaclulatorUITests;
			productReference = DBEA22B12C9287D70087535C /* BmiRiskCaclulatorUITests.xctest */;
			productType = "com.apple.product-type.bundle.ui-testing";
		};
/* End PBXNativeTarget section */

/* Begin PBXProject section */
		DBEA228D2C9287D50087535C /* Project object */ = {
			isa = PBXProject;
			attributes = {
				BuildIndependentTargetsInParallel = 1;
				LastSwiftUpdateCheck = 1540;
				LastUpgradeCheck = 1540;
				TargetAttributes = {
					DBEA22942C9287D50087535C = {
						CreatedOnToolsVersion = 15.4;
					};
					DBEA22A62C9287D70087535C = {
						CreatedOnToolsVersion = 15.4;
						TestTargetID = DBEA22942C9287D50087535C;
					};
					DBEA22B02C9287D70087535C = {
						CreatedOnToolsVersion = 15.4;
						TestTargetID = DBEA22942C9287D50087535C;
					};
				};
			};
			buildConfigurationList = DBEA22902C9287D50087535C /* Build configuration list for PBXProject "BmiRiskCaclulator" */;
			compatibilityVersion = "Xcode 14.0";
			developmentRegion = en;
			hasScannedForEncodings = 0;
			knownRegions = (
				en,
				Base,
			);
			mainGroup = DBEA228C2C9287D50087535C;
			productRefGroup = DBEA22962C9287D50087535C /* Products */;
			projectDirPath = "";
			projectRoot = "";
			targets = (
				DBEA22942C9287D50087535C /* BmiRiskCaclulator */,
				DBEA22A62C9287D70087535C /* BmiRiskCaclulatorTests */,
				DBEA22B02C9287D70087535C /* BmiRiskCaclulatorUITests */,
			);
		};
/* End PBXProject section */

/* Begin PBXResourcesBuildPhase section */
		DBEA22932C9287D50087535C /* Resources */ = {
			isa = PBXResourcesBuildPhase;
			buildActionMask = 2147483647;
			files = (
				DBEA22A22C9287D60087535C /* Preview Assets.xcassets in Resources */,
				DBEA229F2C9287D60087535C /* Assets.xcassets in Resources */,
			);
			runOnlyForDeploymentPostprocessing = 0;
		};
		DBEA22A52C9287D70087535C /* Resources */ = {
			isa = PBXResourcesBuildPhase;
			buildActionMask = 2147483647;
			files = (
			);
			runOnlyForDeploymentPostprocessing = 0;
		};
		DBEA22AF2C9287D70087535C /* Resources */ = {
			isa = PBXResourcesBuildPhase;
			buildActionMask = 2147483647;
			files = (
			);
			runOnlyForDeploymentPostprocessing = 0;
		};
/* End PBXResourcesBuildPhase section */

/* Begin PBXSourcesBuildPhase section */
		DBEA22912C9287D50087535C /* Sources */ = {
			isa = PBXSourcesBuildPhase;
			buildActionMask = 2147483647;
			files = (
				DBEA229B2C9287D50087535C /* ContentView.swift in Sources */,
				DBEA229D2C9287D50087535C /* Item.swift in Sources */,
				DBEA22992C9287D50087535C /* BmiRiskCaclulatorApp.swift in Sources */,
			);
			runOnlyForDeploymentPostprocessing = 0;
		};
		DBEA22A32C9287D70087535C /* Sources */ = {
			isa = PBXSourcesBuildPhase;
			buildActionMask = 2147483647;
			files = (
				DBEA22AC2C9287D70087535C /* BmiRiskCaclulatorTests.swift in Sources */,
			);
			runOnlyForDeploymentPostprocessing = 0;
		};
		DBEA22AD2C9287D70087535C /* Sources */ = {
			isa = PBXSourcesBuildPhase;
			buildActionMask = 2147483647;
			files = (
				DBEA22B82C9287D70087535C /* BmiRiskCaclulatorUITestsLaunchTests.swift in Sources */,
				DBEA22B62C9287D70087535C /* BmiRiskCaclulatorUITests.swift in Sources */,
			);
			runOnlyForDeploymentPostprocessing = 0;
		};
/* End PBXSourcesBuildPhase section */

/* Begin PBXTargetDependency section */
		DBEA22A92C9287D70087535C /* PBXTargetDependency */ = {
			isa = PBXTargetDependency;
			target = DBEA22942C9287D50087535C /* BmiRiskCaclulator */;
			targetProxy = DBEA22A82C9287D70087535C /* PBXContainerItemProxy */;
		};
		DBEA22B32C9287D70087535C /* PBXTargetDependency */ = {
			isa = PBXTargetDependency;
			target = DBEA22942C9287D50087535C /* BmiRiskCaclulator */;
			targetProxy = DBEA22B22C9287D70087535C /* PBXContainerItemProxy */;
		};
/* End PBXTargetDependency section */

/* Begin XCBuildConfiguration section */
		DBEA22B92C9287D70087535C /* Debug */ = {
			isa = XCBuildConfiguration;
			buildSettings = {
				ALWAYS_SEARCH_USER_PATHS = NO;
				ASSETCATALOG_COMPILER_GENERATE_SWIFT_ASSET_SYMBOL_EXTENSIONS = YES;
				CLANG_ANALYZER_NONNULL = YES;
				CLANG_ANALYZER_NUMBER_OBJECT_CONVERSION = YES_AGGRESSIVE;
				CLANG_CXX_LANGUAGE_STANDARD = "gnu++20";
				CLANG_ENABLE_MODULES = YES;
				CLANG_ENABLE_OBJC_ARC = YES;
				CLANG_ENABLE_OBJC_WEAK = YES;
				CLANG_WARN_BLOCK_CAPTURE_AUTORELEASING = YES;
				CLANG_WARN_BOOL_CONVERSION = YES;
				CLANG_WARN_COMMA = YES;
				CLANG_WARN_CONSTANT_CONVERSION = YES;
				CLANG_WARN_DEPRECATED_OBJC_IMPLEMENTATIONS = YES;
				CLANG_WARN_DIRECT_OBJC_ISA_USAGE = YES_ERROR;
				CLANG_WARN_DOCUMENTATION_COMMENTS = YES;
				CLANG_WARN_EMPTY_BODY = YES;
				CLANG_WARN_ENUM_CONVERSION = YES;
				CLANG_WARN_INFINITE_RECURSION = YES;
				CLANG_WARN_INT_CONVERSION = YES;
				CLANG_WARN_NON_LITERAL_NULL_CONVERSION = YES;
				CLANG_WARN_OBJC_IMPLICIT_RETAIN_SELF = YES;
				CLANG_WARN_OBJC_LITERAL_CONVERSION = YES;
				CLANG_WARN_OBJC_ROOT_CLASS = YES_ERROR;
				CLANG_WARN_QUOTED_INCLUDE_IN_FRAMEWORK_HEADER = YES;
				CLANG_WARN_RANGE_LOOP_ANALYSIS = YES;
				CLANG_WARN_STRICT_PROTOTYPES = YES;
				CLANG_WARN_SUSPICIOUS_MOVE = YES;
				CLANG_WARN_UNGUARDED_AVAILABILITY = YES_AGGRESSIVE;
				CLANG_WARN_UNREACHABLE_CODE = YES;
				CLANG_WARN__DUPLICATE_METHOD_MATCH = YES;
				COPY_PHASE_STRIP = NO;
				DEBUG_INFORMATION_FORMAT = dwarf;
				ENABLE_STRICT_OBJC_MSGSEND = YES;
				ENABLE_TESTABILITY = YES;
				ENABLE_USER_SCRIPT_SANDBOXING = YES;
				GCC_C_LANGUAGE_STANDARD = gnu17;
				GCC_DYNAMIC_NO_PIC = NO;
				GCC_NO_COMMON_BLOCKS = YES;
				GCC_OPTIMIZATION_LEVEL = 0;
				GCC_PREPROCESSOR_DEFINITIONS = (
					"DEBUG=1",
					"$(inherited)",
				);
				GCC_WARN_64_TO_32_BIT_CONVERSION = YES;
				GCC_WARN_ABOUT_RETURN_TYPE = YES_ERROR;
				GCC_WARN_UNDECLARED_SELECTOR = YES;
				GCC_WARN_UNINITIALIZED_AUTOS = YES_AGGRESSIVE;
				GCC_WARN_UNUSED_FUNCTION = YES;
				GCC_WARN_UNUSED_VARIABLE = YES;
				IPHONEOS_DEPLOYMENT_TARGET = 17.5;
				LOCALIZATION_PREFERS_STRING_CATALOGS = YES;
				MTL_ENABLE_DEBUG_INFO = INCLUDE_SOURCE;
				MTL_FAST_MATH = YES;
				ONLY_ACTIVE_ARCH = YES;
				SDKROOT = iphoneos;
				SWIFT_ACTIVE_COMPILATION_CONDITIONS = "DEBUG $(inherited)";
				SWIFT_OPTIMIZATION_LEVEL = "-Onone";
			};
			name = Debug;
		};
		DBEA22BA2C9287D70087535C /* Release */ = {
			isa = XCBuildConfiguration;
			buildSettings = {
				ALWAYS_SEARCH_USER_PATHS = NO;
				ASSETCATALOG_COMPILER_GENERATE_SWIFT_ASSET_SYMBOL_EXTENSIONS = YES;
				CLANG_ANALYZER_NONNULL = YES;
				CLANG_ANALYZER_NUMBER_OBJECT_CONVERSION = YES_AGGRESSIVE;
				CLANG_CXX_LANGUAGE_STANDARD = "gnu++20";
				CLANG_ENABLE_MODULES = YES;
				CLANG_ENABLE_OBJC_ARC = YES;
				CLANG_ENABLE_OBJC_WEAK = YES;
				CLANG_WARN_BLOCK_CAPTURE_AUTORELEASING = YES;
				CLANG_WARN_BOOL_CONVERSION = YES;
				CLANG_WARN_COMMA = YES;
				CLANG_WARN_CONSTANT_CONVERSION = YES;
				CLANG_WARN_DEPRECATED_OBJC_IMPLEMENTATIONS = YES;
				CLANG_WARN_DIRECT_OBJC_ISA_USAGE = YES_ERROR;
				CLANG_WARN_DOCUMENTATION_COMMENTS = YES;
				CLANG_WARN_EMPTY_BODY = YES;
				CLANG_WARN_ENUM_CONVERSION = YES;
				CLANG_WARN_INFINITE_RECURSION = YES;
				CLANG_WARN_INT_CONVERSION = YES;
				CLANG_WARN_NON_LITERAL_NULL_CONVERSION = YES;
				CLANG_WARN_OBJC_IMPLICIT_RETAIN_SELF = YES;
				CLANG_WARN_OBJC_LITERAL_CONVERSION = YES;
				CLANG_WARN_OBJC_ROOT_CLASS = YES_ERROR;
				CLANG_WARN_QUOTED_INCLUDE_IN_FRAMEWORK_HEADER = YES;
				CLANG_WARN_RANGE_LOOP_ANALYSIS = YES;
				CLANG_WARN_STRICT_PROTOTYPES = YES;
				CLANG_WARN_SUSPICIOUS_MOVE = YES;
				CLANG_WARN_UNGUARDED_AVAILABILITY = YES_AGGRESSIVE;
				CLANG_WARN_UNREACHABLE_CODE = YES;
				CLANG_WARN__DUPLICATE_METHOD_MATCH = YES;
				COPY_PHASE_STRIP = NO;
				DEBUG_INFORMATION_FORMAT = "dwarf-with-dsym";
				ENABLE_NS_ASSERTIONS = NO;
				ENABLE_STRICT_OBJC_MSGSEND = YES;
				ENABLE_USER_SCRIPT_SANDBOXING = YES;
				GCC_C_LANGUAGE_STANDARD = gnu17;
				GCC_NO_COMMON_BLOCKS = YES;
				GCC_WARN_64_TO_32_BIT_CONVERSION = YES;
				GCC_WARN_ABOUT_RETURN_TYPE = YES_ERROR;
				GCC_WARN_UNDECLARED_SELECTOR = YES;
				GCC_WARN_UNINITIALIZED_AUTOS = YES_AGGRESSIVE;
				GCC_WARN_UNUSED_FUNCTION = YES;
				GCC_WARN_UNUSED_VARIABLE = YES;
				IPHONEOS_DEPLOYMENT_TARGET = 17.5;
				LOCALIZATION_PREFERS_STRING_CATALOGS = YES;
				MTL_ENABLE_DEBUG_INFO = NO;
				MTL_FAST_MATH = YES;
				SDKROOT = iphoneos;
				SWIFT_COMPILATION_MODE = wholemodule;
				VALIDATE_PRODUCT = YES;
			};
			name = Release;
		};
		DBEA22BC2C9287D70087535C /* Debug */ = {
			isa = XCBuildConfiguration;
			buildSettings = {
				ASSETCATALOG_COMPILER_APPICON_NAME = AppIcon;
				ASSETCATALOG_COMPILER_GLOBAL_ACCENT_COLOR_NAME = AccentColor;
				CODE_SIGN_STYLE = Automatic;
				CURRENT_PROJECT_VERSION = 1;
				DEVELOPMENT_ASSET_PATHS = "\"BmiRiskCaclulator/Preview Content\"";
				ENABLE_PREVIEWS = YES;
				GENERATE_INFOPLIST_FILE = YES;
				INFOPLIST_KEY_UIApplicationSceneManifest_Generation = YES;
				INFOPLIST_KEY_UIApplicationSupportsIndirectInputEvents = YES;
				INFOPLIST_KEY_UILaunchScreen_Generation = YES;
				INFOPLIST_KEY_UISupportedInterfaceOrientations_iPad = "UIInterfaceOrientationPortrait UIInterfaceOrientationPortraitUpsideDown UIInterfaceOrientationLandscapeLeft UIInterfaceOrientationLandscapeRight";
				INFOPLIST_KEY_UISupportedInterfaceOrientations_iPhone = "UIInterfaceOrientationPortrait UIInterfaceOrientationLandscapeLeft UIInterfaceOrientationLandscapeRight";
				LD_RUNPATH_SEARCH_PATHS = (
					"$(inherited)",
					"@executable_path/Frameworks",
				);
				MARKETING_VERSION = 1.0;
				PRODUCT_BUNDLE_IDENTIFIER = com.LoneWolf.BmiRiskCaclulator;
				PRODUCT_NAME = "$(TARGET_NAME)";
				SWIFT_EMIT_LOC_STRINGS = YES;
				SWIFT_VERSION = 5.0;
				TARGETED_DEVICE_FAMILY = "1,2";
			};
			name = Debug;
		};
		DBEA22BD2C9287D70087535C /* Release */ = {
			isa = XCBuildConfiguration;
			buildSettings = {
				ASSETCATALOG_COMPILER_APPICON_NAME = AppIcon;
				ASSETCATALOG_COMPILER_GLOBAL_ACCENT_COLOR_NAME = AccentColor;
				CODE_SIGN_STYLE = Automatic;
				CURRENT_PROJECT_VERSION = 1;
				DEVELOPMENT_ASSET_PATHS = "\"BmiRiskCaclulator/Preview Content\"";
				ENABLE_PREVIEWS = YES;
				GENERATE_INFOPLIST_FILE = YES;
				INFOPLIST_KEY_UIApplicationSceneManifest_Generation = YES;
				INFOPLIST_KEY_UIApplicationSupportsIndirectInputEvents = YES;
				INFOPLIST_KEY_UILaunchScreen_Generation = YES;
				INFOPLIST_KEY_UISupportedInterfaceOrientations_iPad = "UIInterfaceOrientationPortrait UIInterfaceOrientationPortraitUpsideDown UIInterfaceOrientationLandscapeLeft UIInterfaceOrientationLandscapeRight";
				INFOPLIST_KEY_UISupportedInterfaceOrientations_iPhone = "UIInterfaceOrientationPortrait UIInterfaceOrientationLandscapeLeft UIInterfaceOrientationLandscapeRight";
				LD_RUNPATH_SEARCH_PATHS = (
					"$(inherited)",
					"@executable_path/Frameworks",
				);
				MARKETING_VERSION = 1.0;
				PRODUCT_BUNDLE_IDENTIFIER = com.LoneWolf.BmiRiskCaclulator;
				PRODUCT_NAME = "$(TARGET_NAME)";
				SWIFT_EMIT_LOC_STRINGS = YES;
				SWIFT_VERSION = 5.0;
				TARGETED_DEVICE_FAMILY = "1,2";
			};
			name = Release;
		};
		DBEA22BF2C9287D70087535C /* Debug */ = {
			isa = XCBuildConfiguration;
			buildSettings = {
				ALWAYS_EMBED_SWIFT_STANDARD_LIBRARIES = YES;
				BUNDLE_LOADER = "$(TEST_HOST)";
				CODE_SIGN_STYLE = Automatic;
				CURRENT_PROJECT_VERSION = 1;
				GENERATE_INFOPLIST_FILE = YES;
				IPHONEOS_DEPLOYMENT_TARGET = 17.5;
				MARKETING_VERSION = 1.0;
				PRODUCT_BUNDLE_IDENTIFIER = com.LoneWolf.BmiRiskCaclulatorTests;
				PRODUCT_NAME = "$(TARGET_NAME)";
				SWIFT_EMIT_LOC_STRINGS = NO;
				SWIFT_VERSION = 5.0;
				TARGETED_DEVICE_FAMILY = "1,2";
				TEST_HOST = "$(BUILT_PRODUCTS_DIR)/BmiRiskCaclulator.app/$(BUNDLE_EXECUTABLE_FOLDER_PATH)/BmiRiskCaclulator";
			};
			name = Debug;
		};
		DBEA22C02C9287D70087535C /* Release */ = {
			isa = XCBuildConfiguration;
			buildSettings = {
				ALWAYS_EMBED_SWIFT_STANDARD_LIBRARIES = YES;
				BUNDLE_LOADER = "$(TEST_HOST)";
				CODE_SIGN_STYLE = Automatic;
				CURRENT_PROJECT_VERSION = 1;
				GENERATE_INFOPLIST_FILE = YES;
				IPHONEOS_DEPLOYMENT_TARGET = 17.5;
				MARKETING_VERSION = 1.0;
				PRODUCT_BUNDLE_IDENTIFIER = com.LoneWolf.BmiRiskCaclulatorTests;
				PRODUCT_NAME = "$(TARGET_NAME)";
				SWIFT_EMIT_LOC_STRINGS = NO;
				SWIFT_VERSION = 5.0;
				TARGETED_DEVICE_FAMILY = "1,2";
				TEST_HOST = "$(BUILT_PRODUCTS_DIR)/BmiRiskCaclulator.app/$(BUNDLE_EXECUTABLE_FOLDER_PATH)/BmiRiskCaclulator";
			};
			name = Release;
		};
		DBEA22C22C9287D70087535C /* Debug */ = {
			isa = XCBuildConfiguration;
			buildSettings = {
				ALWAYS_EMBED_SWIFT_STANDARD_LIBRARIES = YES;
				CODE_SIGN_STYLE = Automatic;
				CURRENT_PROJECT_VERSION = 1;
				GENERATE_INFOPLIST_FILE = YES;
				MARKETING_VERSION = 1.0;
				PRODUCT_BUNDLE_IDENTIFIER = com.LoneWolf.BmiRiskCaclulatorUITests;
				PRODUCT_NAME = "$(TARGET_NAME)";
				SWIFT_EMIT_LOC_STRINGS = NO;
				SWIFT_VERSION = 5.0;
				TARGETED_DEVICE_FAMILY = "1,2";
				TEST_TARGET_NAME = BmiRiskCaclulator;
			};
			name = Debug;
		};
		DBEA22C32C9287D70087535C /* Release */ = {
			isa = XCBuildConfiguration;
			buildSettings = {
				ALWAYS_EMBED_SWIFT_STANDARD_LIBRARIES = YES;
				CODE_SIGN_STYLE = Automatic;
				CURRENT_PROJECT_VERSION = 1;
				GENERATE_INFOPLIST_FILE = YES;
				MARKETING_VERSION = 1.0;
				PRODUCT_BUNDLE_IDENTIFIER = com.LoneWolf.BmiRiskCaclulatorUITests;
				PRODUCT_NAME = "$(TARGET_NAME)";
				SWIFT_EMIT_LOC_STRINGS = NO;
				SWIFT_VERSION = 5.0;
				TARGETED_DEVICE_FAMILY = "1,2";
				TEST_TARGET_NAME = BmiRiskCaclulator;
			};
			name = Release;
		};
/* End XCBuildConfiguration section */

/* Begin XCConfigurationList section */
		DBEA22902C9287D50087535C /* Build configuration list for PBXProject "BmiRiskCaclulator" */ = {
			isa = XCConfigurationList;
			buildConfigurations = (
				DBEA22B92C9287D70087535C /* Debug */,
				DBEA22BA2C9287D70087535C /* Release */,
			);
			defaultConfigurationIsVisible = 0;
			defaultConfigurationName = Release;
		};
		DBEA22BB2C9287D70087535C /* Build configuration list for PBXNativeTarget "BmiRiskCaclulator" */ = {
			isa = XCConfigurationList;
			buildConfigurations = (
				DBEA22BC2C9287D70087535C /* Debug */,
				DBEA22BD2C9287D70087535C /* Release */,
			);
			defaultConfigurationIsVisible = 0;
			defaultConfigurationName = Release;
		};
		DBEA22BE2C9287D70087535C /* Build configuration list for PBXNativeTarget "BmiRiskCaclulatorTests" */ = {
			isa = XCConfigurationList;
			buildConfigurations = (
				DBEA22BF2C9287D70087535C /* Debug */,
				DBEA22C02C9287D70087535C /* Release */,
			);
			defaultConfigurationIsVisible = 0;
			defaultConfigurationName = Release;
		};
		DBEA22C12C9287D70087535C /* Build configuration list for PBXNativeTarget "BmiRiskCaclulatorUITests" */ = {
			isa = XCConfigurationList;
			buildConfigurations = (
				DBEA22C22C9287D70087535C /* Debug */,
				DBEA22C32C9287D70087535C /* Release */,
			);
			defaultConfigurationIsVisible = 0;
			defaultConfigurationName = Release;
		};
/* End XCConfigurationList section */
	};
	rootObject = DBEA228D2C9287D50087535C /* Project object */;
}
