// !$*UTF8*$!
{
	archiveVersion = 1;
	classes = {
	};
	objectVersion = 77;
	objects = {

/* Begin PBXContainerItemProxy section */
		FD9D4F1C2CD34CE000F04126 /* PBXContainerItemProxy */ = {
			isa = PBXContainerItemProxy;
			containerPortal = FD9D4EFF2CD34CDF00F04126 /* Project object */;
			proxyType = 1;
			remoteGlobalIDString = FD9D4F062CD34CDF00F04126;
			remoteInfo = NomadNavigator;
		};
		FD9D4F262CD34CE000F04126 /* PBXContainerItemProxy */ = {
			isa = PBXContainerItemProxy;
			containerPortal = FD9D4EFF2CD34CDF00F04126 /* Project object */;
			proxyType = 1;
			remoteGlobalIDString = FD9D4F062CD34CDF00F04126;
			remoteInfo = NomadNavigator;
		};
/* End PBXContainerItemProxy section */

/* Begin PBXFileReference section */
		FD9D4F072CD34CDF00F04126 /* NomadNavigator.app */ = {isa = PBXFileReference; explicitFileType = wrapper.application; includeInIndex = 0; path = NomadNavigator.app; sourceTree = BUILT_PRODUCTS_DIR; };
		FD9D4F1B2CD34CE000F04126 /* NomadNavigatorTests.xctest */ = {isa = PBXFileReference; explicitFileType = wrapper.cfbundle; includeInIndex = 0; path = NomadNavigatorTests.xctest; sourceTree = BUILT_PRODUCTS_DIR; };
		FD9D4F252CD34CE000F04126 /* NomadNavigatorUITests.xctest */ = {isa = PBXFileReference; explicitFileType = wrapper.cfbundle; includeInIndex = 0; path = NomadNavigatorUITests.xctest; sourceTree = BUILT_PRODUCTS_DIR; };
/* End PBXFileReference section */

/* Begin PBXFileSystemSynchronizedBuildFileExceptionSet section */
		FD9D4F2D2CD34CE000F04126 /* Exceptions for "NomadNavigator" folder in "NomadNavigator" target */ = {
			isa = PBXFileSystemSynchronizedBuildFileExceptionSet;
			membershipExceptions = (
				Info.plist,
			);
			target = FD9D4F062CD34CDF00F04126 /* NomadNavigator */;
		};
/* End PBXFileSystemSynchronizedBuildFileExceptionSet section */

/* Begin PBXFileSystemSynchronizedRootGroup section */
		FD9D4F092CD34CDF00F04126 /* NomadNavigator */ = {
			isa = PBXFileSystemSynchronizedRootGroup;
			exceptions = (
				FD9D4F2D2CD34CE000F04126 /* Exceptions for "NomadNavigator" folder in "NomadNavigator" target */,
			);
			path = NomadNavigator;
			sourceTree = "<group>";
		};
		FD9D4F1E2CD34CE000F04126 /* NomadNavigatorTests */ = {
			isa = PBXFileSystemSynchronizedRootGroup;
			path = NomadNavigatorTests;
			sourceTree = "<group>";
		};
		FD9D4F282CD34CE000F04126 /* NomadNavigatorUITests */ = {
			isa = PBXFileSystemSynchronizedRootGroup;
			path = NomadNavigatorUITests;
			sourceTree = "<group>";
		};
/* End PBXFileSystemSynchronizedRootGroup section */

/* Begin PBXFrameworksBuildPhase section */
		FD9D4F042CD34CDF00F04126 /* Frameworks */ = {
			isa = PBXFrameworksBuildPhase;
			buildActionMask = 2147483647;
			files = (
			);
			runOnlyForDeploymentPostprocessing = 0;
		};
		FD9D4F182CD34CE000F04126 /* Frameworks */ = {
			isa = PBXFrameworksBuildPhase;
			buildActionMask = 2147483647;
			files = (
			);
			runOnlyForDeploymentPostprocessing = 0;
		};
		FD9D4F222CD34CE000F04126 /* Frameworks */ = {
			isa = PBXFrameworksBuildPhase;
			buildActionMask = 2147483647;
			files = (
			);
			runOnlyForDeploymentPostprocessing = 0;
		};
/* End PBXFrameworksBuildPhase section */

/* Begin PBXGroup section */
		FD9D4EFE2CD34CDF00F04126 = {
			isa = PBXGroup;
			children = (
				FD9D4F092CD34CDF00F04126 /* NomadNavigator */,
				FD9D4F1E2CD34CE000F04126 /* NomadNavigatorTests */,
				FD9D4F282CD34CE000F04126 /* NomadNavigatorUITests */,
				FD9D4F082CD34CDF00F04126 /* Products */,
			);
			sourceTree = "<group>";
		};
		FD9D4F082CD34CDF00F04126 /* Products */ = {
			isa = PBXGroup;
			children = (
				FD9D4F072CD34CDF00F04126 /* NomadNavigator.app */,
				FD9D4F1B2CD34CE000F04126 /* NomadNavigatorTests.xctest */,
				FD9D4F252CD34CE000F04126 /* NomadNavigatorUITests.xctest */,
			);
			name = Products;
			sourceTree = "<group>";
		};
/* End PBXGroup section */

/* Begin PBXNativeTarget section */
		FD9D4F062CD34CDF00F04126 /* NomadNavigator */ = {
			isa = PBXNativeTarget;
			buildConfigurationList = FD9D4F2E2CD34CE000F04126 /* Build configuration list for PBXNativeTarget "NomadNavigator" */;
			buildPhases = (
				FD9D4F032CD34CDF00F04126 /* Sources */,
				FD9D4F042CD34CDF00F04126 /* Frameworks */,
				FD9D4F052CD34CDF00F04126 /* Resources */,
			);
			buildRules = (
			);
			dependencies = (
			);
			fileSystemSynchronizedGroups = (
				FD9D4F092CD34CDF00F04126 /* NomadNavigator */,
			);
			name = NomadNavigator;
			packageProductDependencies = (
			);
			productName = NomadNavigator;
			productReference = FD9D4F072CD34CDF00F04126 /* NomadNavigator.app */;
			productType = "com.apple.product-type.application";
		};
		FD9D4F1A2CD34CE000F04126 /* NomadNavigatorTests */ = {
			isa = PBXNativeTarget;
			buildConfigurationList = FD9D4F332CD34CE000F04126 /* Build configuration list for PBXNativeTarget "NomadNavigatorTests" */;
			buildPhases = (
				FD9D4F172CD34CE000F04126 /* Sources */,
				FD9D4F182CD34CE000F04126 /* Frameworks */,
				FD9D4F192CD34CE000F04126 /* Resources */,
			);
			buildRules = (
			);
			dependencies = (
				FD9D4F1D2CD34CE000F04126 /* PBXTargetDependency */,
			);
			fileSystemSynchronizedGroups = (
				FD9D4F1E2CD34CE000F04126 /* NomadNavigatorTests */,
			);
			name = NomadNavigatorTests;
			packageProductDependencies = (
			);
			productName = NomadNavigatorTests;
			productReference = FD9D4F1B2CD34CE000F04126 /* NomadNavigatorTests.xctest */;
			productType = "com.apple.product-type.bundle.unit-test";
		};
		FD9D4F242CD34CE000F04126 /* NomadNavigatorUITests */ = {
			isa = PBXNativeTarget;
			buildConfigurationList = FD9D4F362CD34CE000F04126 /* Build configuration list for PBXNativeTarget "NomadNavigatorUITests" */;
			buildPhases = (
				FD9D4F212CD34CE000F04126 /* Sources */,
				FD9D4F222CD34CE000F04126 /* Frameworks */,
				FD9D4F232CD34CE000F04126 /* Resources */,
			);
			buildRules = (
			);
			dependencies = (
				FD9D4F272CD34CE000F04126 /* PBXTargetDependency */,
			);
			fileSystemSynchronizedGroups = (
				FD9D4F282CD34CE000F04126 /* NomadNavigatorUITests */,
			);
			name = NomadNavigatorUITests;
			packageProductDependencies = (
			);
			productName = NomadNavigatorUITests;
			productReference = FD9D4F252CD34CE000F04126 /* NomadNavigatorUITests.xctest */;
			productType = "com.apple.product-type.bundle.ui-testing";
		};
/* End PBXNativeTarget section */

/* Begin PBXProject section */
		FD9D4EFF2CD34CDF00F04126 /* Project object */ = {
			isa = PBXProject;
			attributes = {
				BuildIndependentTargetsInParallel = 1;
				LastSwiftUpdateCheck = 1610;
				LastUpgradeCheck = 1610;
				TargetAttributes = {
					FD9D4F062CD34CDF00F04126 = {
						CreatedOnToolsVersion = 16.1;
					};
					FD9D4F1A2CD34CE000F04126 = {
						CreatedOnToolsVersion = 16.1;
						TestTargetID = FD9D4F062CD34CDF00F04126;
					};
					FD9D4F242CD34CE000F04126 = {
						CreatedOnToolsVersion = 16.1;
						TestTargetID = FD9D4F062CD34CDF00F04126;
					};
				};
			};
			buildConfigurationList = FD9D4F022CD34CDF00F04126 /* Build configuration list for PBXProject "NomadNavigator" */;
			developmentRegion = en;
			hasScannedForEncodings = 0;
			knownRegions = (
				en,
				Base,
			);
			mainGroup = FD9D4EFE2CD34CDF00F04126;
			minimizedProjectReferenceProxies = 1;
			preferredProjectObjectVersion = 77;
			productRefGroup = FD9D4F082CD34CDF00F04126 /* Products */;
			projectDirPath = "";
			projectRoot = "";
			targets = (
				FD9D4F062CD34CDF00F04126 /* NomadNavigator */,
				FD9D4F1A2CD34CE000F04126 /* NomadNavigatorTests */,
				FD9D4F242CD34CE000F04126 /* NomadNavigatorUITests */,
			);
		};
/* End PBXProject section */

/* Begin PBXResourcesBuildPhase section */
		FD9D4F052CD34CDF00F04126 /* Resources */ = {
			isa = PBXResourcesBuildPhase;
			buildActionMask = 2147483647;
			files = (
			);
			runOnlyForDeploymentPostprocessing = 0;
		};
		FD9D4F192CD34CE000F04126 /* Resources */ = {
			isa = PBXResourcesBuildPhase;
			buildActionMask = 2147483647;
			files = (
			);
			runOnlyForDeploymentPostprocessing = 0;
		};
		FD9D4F232CD34CE000F04126 /* Resources */ = {
			isa = PBXResourcesBuildPhase;
			buildActionMask = 2147483647;
			files = (
			);
			runOnlyForDeploymentPostprocessing = 0;
		};
/* End PBXResourcesBuildPhase section */

/* Begin PBXSourcesBuildPhase section */
		FD9D4F032CD34CDF00F04126 /* Sources */ = {
			isa = PBXSourcesBuildPhase;
			buildActionMask = 2147483647;
			files = (
			);
			runOnlyForDeploymentPostprocessing = 0;
		};
		FD9D4F172CD34CE000F04126 /* Sources */ = {
			isa = PBXSourcesBuildPhase;
			buildActionMask = 2147483647;
			files = (
			);
			runOnlyForDeploymentPostprocessing = 0;
		};
		FD9D4F212CD34CE000F04126 /* Sources */ = {
			isa = PBXSourcesBuildPhase;
			buildActionMask = 2147483647;
			files = (
			);
			runOnlyForDeploymentPostprocessing = 0;
		};
/* End PBXSourcesBuildPhase section */

/* Begin PBXTargetDependency section */
		FD9D4F1D2CD34CE000F04126 /* PBXTargetDependency */ = {
			isa = PBXTargetDependency;
			target = FD9D4F062CD34CDF00F04126 /* NomadNavigator */;
			targetProxy = FD9D4F1C2CD34CE000F04126 /* PBXContainerItemProxy */;
		};
		FD9D4F272CD34CE000F04126 /* PBXTargetDependency */ = {
			isa = PBXTargetDependency;
			target = FD9D4F062CD34CDF00F04126 /* NomadNavigator */;
			targetProxy = FD9D4F262CD34CE000F04126 /* PBXContainerItemProxy */;
		};
/* End PBXTargetDependency section */

/* Begin XCBuildConfiguration section */
		FD9D4F2F2CD34CE000F04126 /* Debug */ = {
			isa = XCBuildConfiguration;
			buildSettings = {
				ASSETCATALOG_COMPILER_APPICON_NAME = AppIcon;
				ASSETCATALOG_COMPILER_GLOBAL_ACCENT_COLOR_NAME = AccentColor;
				CODE_SIGN_ENTITLEMENTS = NomadNavigator/NomadNavigator.entitlements;
				CODE_SIGN_STYLE = Automatic;
				CURRENT_PROJECT_VERSION = 1;
				DEVELOPMENT_ASSET_PATHS = "\"NomadNavigator/Preview Content\"";
				DEVELOPMENT_TEAM = 3UNSDYPA3R;
				ENABLE_PREVIEWS = YES;
				GENERATE_INFOPLIST_FILE = YES;
				INFOPLIST_FILE = NomadNavigator/Info.plist;
				INFOPLIST_KEY_UIApplicationSceneManifest_Generation = YES;
				INFOPLIST_KEY_UIApplicationSupportsIndirectInputEvents = YES;
				INFOPLIST_KEY_UILaunchScreen_Generation = YES;
				INFOPLIST_KEY_UISupportedInterfaceOrientations_iPad = "UIInterfaceOrientationPortrait UIInterfaceOrientationPortraitUpsideDown UIInterfaceOrientationLandscapeLeft UIInterfaceOrientationLandscapeRight";
				INFOPLIST_KEY_UISupportedInterfaceOrientations_iPhone = "UIInterfaceOrientationPortrait UIInterfaceOrientationLandscapeLeft UIInterfaceOrientationLandscapeRight";
				LD_RUNPATH_SEARCH_PATHS = (
					"$(inherited)",
					"@executable_path/Frameworks",
				);
				MARKETING_VERSION = 1.0;
				PRODUCT_BUNDLE_IDENTIFIER = me.divkix.NomadNavigator;
				PRODUCT_NAME = "$(TARGET_NAME)";
				SWIFT_EMIT_LOC_STRINGS = YES;
				SWIFT_VERSION = 5.0;
				TARGETED_DEVICE_FAMILY = "1,2";
			};
			name = Debug;
		};
		FD9D4F302CD34CE000F04126 /* Release */ = {
			isa = XCBuildConfiguration;
			buildSettings = {
				ASSETCATALOG_COMPILER_APPICON_NAME = AppIcon;
				ASSETCATALOG_COMPILER_GLOBAL_ACCENT_COLOR_NAME = AccentColor;
				CODE_SIGN_ENTITLEMENTS = NomadNavigator/NomadNavigator.entitlements;
				CODE_SIGN_STYLE = Automatic;
				CURRENT_PROJECT_VERSION = 1;
				DEVELOPMENT_ASSET_PATHS = "\"NomadNavigator/Preview Content\"";
				DEVELOPMENT_TEAM = 3UNSDYPA3R;
				ENABLE_PREVIEWS = YES;
				GENERATE_INFOPLIST_FILE = YES;
				INFOPLIST_FILE = NomadNavigator/Info.plist;
				INFOPLIST_KEY_UIApplicationSceneManifest_Generation = YES;
				INFOPLIST_KEY_UIApplicationSupportsIndirectInputEvents = YES;
				INFOPLIST_KEY_UILaunchScreen_Generation = YES;
				INFOPLIST_KEY_UISupportedInterfaceOrientations_iPad = "UIInterfaceOrientationPortrait UIInterfaceOrientationPortraitUpsideDown UIInterfaceOrientationLandscapeLeft UIInterfaceOrientationLandscapeRight";
				INFOPLIST_KEY_UISupportedInterfaceOrientations_iPhone = "UIInterfaceOrientationPortrait UIInterfaceOrientationLandscapeLeft UIInterfaceOrientationLandscapeRight";
				LD_RUNPATH_SEARCH_PATHS = (
					"$(inherited)",
					"@executable_path/Frameworks",
				);
				MARKETING_VERSION = 1.0;
				PRODUCT_BUNDLE_IDENTIFIER = me.divkix.NomadNavigator;
				PRODUCT_NAME = "$(TARGET_NAME)";
				SWIFT_EMIT_LOC_STRINGS = YES;
				SWIFT_VERSION = 5.0;
				TARGETED_DEVICE_FAMILY = "1,2";
			};
			name = Release;
		};
		FD9D4F312CD34CE000F04126 /* Debug */ = {
			isa = XCBuildConfiguration;
			buildSettings = {
				ALWAYS_SEARCH_USER_PATHS = NO;
				ASSETCATALOG_COMPILER_GENERATE_SWIFT_ASSET_SYMBOL_EXTENSIONS = YES;
				CLANG_ANALYZER_NONNULL = YES;
				CLANG_ANALYZER_NUMBER_OBJECT_CONVERSION = YES_AGGRESSIVE;
				CLANG_CXX_LANGUAGE_STANDARD = "gnu++20";
				CLANG_ENABLE_MODULES = YES;
				CLANG_ENABLE_OBJC_ARC = YES;
				CLANG_ENABLE_OBJC_WEAK = YES;
				CLANG_WARN_BLOCK_CAPTURE_AUTORELEASING = YES;
				CLANG_WARN_BOOL_CONVERSION = YES;
				CLANG_WARN_COMMA = YES;
				CLANG_WARN_CONSTANT_CONVERSION = YES;
				CLANG_WARN_DEPRECATED_OBJC_IMPLEMENTATIONS = YES;
				CLANG_WARN_DIRECT_OBJC_ISA_USAGE = YES_ERROR;
				CLANG_WARN_DOCUMENTATION_COMMENTS = YES;
				CLANG_WARN_EMPTY_BODY = YES;
				CLANG_WARN_ENUM_CONVERSION = YES;
				CLANG_WARN_INFINITE_RECURSION = YES;
				CLANG_WARN_INT_CONVERSION = YES;
				CLANG_WARN_NON_LITERAL_NULL_CONVERSION = YES;
				CLANG_WARN_OBJC_IMPLICIT_RETAIN_SELF = YES;
				CLANG_WARN_OBJC_LITERAL_CONVERSION = YES;
				CLANG_WARN_OBJC_ROOT_CLASS = YES_ERROR;
				CLANG_WARN_QUOTED_INCLUDE_IN_FRAMEWORK_HEADER = YES;
				CLANG_WARN_RANGE_LOOP_ANALYSIS = YES;
				CLANG_WARN_STRICT_PROTOTYPES = YES;
				CLANG_WARN_SUSPICIOUS_MOVE = YES;
				CLANG_WARN_UNGUARDED_AVAILABILITY = YES_AGGRESSIVE;
				CLANG_WARN_UNREACHABLE_CODE = YES;
				CLANG_WARN__DUPLICATE_METHOD_MATCH = YES;
				COPY_PHASE_STRIP = NO;
				DEBUG_INFORMATION_FORMAT = dwarf;
				ENABLE_STRICT_OBJC_MSGSEND = YES;
				ENABLE_TESTABILITY = YES;
				ENABLE_USER_SCRIPT_SANDBOXING = YES;
				GCC_C_LANGUAGE_STANDARD = gnu17;
				GCC_DYNAMIC_NO_PIC = NO;
				GCC_NO_COMMON_BLOCKS = YES;
				GCC_OPTIMIZATION_LEVEL = 0;
				GCC_PREPROCESSOR_DEFINITIONS = (
					"DEBUG=1",
					"$(inherited)",
				);
				GCC_WARN_64_TO_32_BIT_CONVERSION = YES;
				GCC_WARN_ABOUT_RETURN_TYPE = YES_ERROR;
				GCC_WARN_UNDECLARED_SELECTOR = YES;
				GCC_WARN_UNINITIALIZED_AUTOS = YES_AGGRESSIVE;
				GCC_WARN_UNUSED_FUNCTION = YES;
				GCC_WARN_UNUSED_VARIABLE = YES;
				IPHONEOS_DEPLOYMENT_TARGET = 18.1;
				LOCALIZATION_PREFERS_STRING_CATALOGS = YES;
				MTL_ENABLE_DEBUG_INFO = INCLUDE_SOURCE;
				MTL_FAST_MATH = YES;
				ONLY_ACTIVE_ARCH = YES;
				SDKROOT = iphoneos;
				SWIFT_ACTIVE_COMPILATION_CONDITIONS = "DEBUG $(inherited)";
				SWIFT_OPTIMIZATION_LEVEL = "-Onone";
			};
			name = Debug;
		};
		FD9D4F322CD34CE000F04126 /* Release */ = {
			isa = XCBuildConfiguration;
			buildSettings = {
				ALWAYS_SEARCH_USER_PATHS = NO;
				ASSETCATALOG_COMPILER_GENERATE_SWIFT_ASSET_SYMBOL_EXTENSIONS = YES;
				CLANG_ANALYZER_NONNULL = YES;
				CLANG_ANALYZER_NUMBER_OBJECT_CONVERSION = YES_AGGRESSIVE;
				CLANG_CXX_LANGUAGE_STANDARD = "gnu++20";
				CLANG_ENABLE_MODULES = YES;
				CLANG_ENABLE_OBJC_ARC = YES;
				CLANG_ENABLE_OBJC_WEAK = YES;
				CLANG_WARN_BLOCK_CAPTURE_AUTORELEASING = YES;
				CLANG_WARN_BOOL_CONVERSION = YES;
				CLANG_WARN_COMMA = YES;
				CLANG_WARN_CONSTANT_CONVERSION = YES;
				CLANG_WARN_DEPRECATED_OBJC_IMPLEMENTATIONS = YES;
				CLANG_WARN_DIRECT_OBJC_ISA_USAGE = YES_ERROR;
				CLANG_WARN_DOCUMENTATION_COMMENTS = YES;
				CLANG_WARN_EMPTY_BODY = YES;
				CLANG_WARN_ENUM_CONVERSION = YES;
				CLANG_WARN_INFINITE_RECURSION = YES;
				CLANG_WARN_INT_CONVERSION = YES;
				CLANG_WARN_NON_LITERAL_NULL_CONVERSION = YES;
				CLANG_WARN_OBJC_IMPLICIT_RETAIN_SELF = YES;
				CLANG_WARN_OBJC_LITERAL_CONVERSION = YES;
				CLANG_WARN_OBJC_ROOT_CLASS = YES_ERROR;
				CLANG_WARN_QUOTED_INCLUDE_IN_FRAMEWORK_HEADER = YES;
				CLANG_WARN_RANGE_LOOP_ANALYSIS = YES;
				CLANG_WARN_STRICT_PROTOTYPES = YES;
				CLANG_WARN_SUSPICIOUS_MOVE = YES;
				CLANG_WARN_UNGUARDED_AVAILABILITY = YES_AGGRESSIVE;
				CLANG_WARN_UNREACHABLE_CODE = YES;
				CLANG_WARN__DUPLICATE_METHOD_MATCH = YES;
				COPY_PHASE_STRIP = NO;
				DEBUG_INFORMATION_FORMAT = "dwarf-with-dsym";
				ENABLE_NS_ASSERTIONS = NO;
				ENABLE_STRICT_OBJC_MSGSEND = YES;
				ENABLE_USER_SCRIPT_SANDBOXING = YES;
				GCC_C_LANGUAGE_STANDARD = gnu17;
				GCC_NO_COMMON_BLOCKS = YES;
				GCC_WARN_64_TO_32_BIT_CONVERSION = YES;
				GCC_WARN_ABOUT_RETURN_TYPE = YES_ERROR;
				GCC_WARN_UNDECLARED_SELECTOR = YES;
				GCC_WARN_UNINITIALIZED_AUTOS = YES_AGGRESSIVE;
				GCC_WARN_UNUSED_FUNCTION = YES;
				GCC_WARN_UNUSED_VARIABLE = YES;
				IPHONEOS_DEPLOYMENT_TARGET = 18.1;
				LOCALIZATION_PREFERS_STRING_CATALOGS = YES;
				MTL_ENABLE_DEBUG_INFO = NO;
				MTL_FAST_MATH = YES;
				SDKROOT = iphoneos;
				SWIFT_COMPILATION_MODE = wholemodule;
				VALIDATE_PRODUCT = YES;
			};
			name = Release;
		};
		FD9D4F342CD34CE000F04126 /* Debug */ = {
			isa = XCBuildConfiguration;
			buildSettings = {
				BUNDLE_LOADER = "$(TEST_HOST)";
				CODE_SIGN_STYLE = Automatic;
				CURRENT_PROJECT_VERSION = 1;
				DEVELOPMENT_TEAM = 3UNSDYPA3R;
				GENERATE_INFOPLIST_FILE = YES;
				IPHONEOS_DEPLOYMENT_TARGET = 18.1;
				MARKETING_VERSION = 1.0;
				PRODUCT_BUNDLE_IDENTIFIER = me.divkix.NomadNavigatorTests;
				PRODUCT_NAME = "$(TARGET_NAME)";
				SWIFT_EMIT_LOC_STRINGS = NO;
				SWIFT_VERSION = 5.0;
				TARGETED_DEVICE_FAMILY = "1,2";
				TEST_HOST = "$(BUILT_PRODUCTS_DIR)/NomadNavigator.app/$(BUNDLE_EXECUTABLE_FOLDER_PATH)/NomadNavigator";
			};
			name = Debug;
		};
		FD9D4F352CD34CE000F04126 /* Release */ = {
			isa = XCBuildConfiguration;
			buildSettings = {
				BUNDLE_LOADER = "$(TEST_HOST)";
				CODE_SIGN_STYLE = Automatic;
				CURRENT_PROJECT_VERSION = 1;
				DEVELOPMENT_TEAM = 3UNSDYPA3R;
				GENERATE_INFOPLIST_FILE = YES;
				IPHONEOS_DEPLOYMENT_TARGET = 18.1;
				MARKETING_VERSION = 1.0;
				PRODUCT_BUNDLE_IDENTIFIER = me.divkix.NomadNavigatorTests;
				PRODUCT_NAME = "$(TARGET_NAME)";
				SWIFT_EMIT_LOC_STRINGS = NO;
				SWIFT_VERSION = 5.0;
				TARGETED_DEVICE_FAMILY = "1,2";
				TEST_HOST = "$(BUILT_PRODUCTS_DIR)/NomadNavigator.app/$(BUNDLE_EXECUTABLE_FOLDER_PATH)/NomadNavigator";
			};
			name = Release;
		};
		FD9D4F372CD34CE000F04126 /* Debug */ = {
			isa = XCBuildConfiguration;
			buildSettings = {
				CODE_SIGN_STYLE = Automatic;
				CURRENT_PROJECT_VERSION = 1;
				DEVELOPMENT_TEAM = 3UNSDYPA3R;
				GENERATE_INFOPLIST_FILE = YES;
				MARKETING_VERSION = 1.0;
				PRODUCT_BUNDLE_IDENTIFIER = me.divkix.NomadNavigatorUITests;
				PRODUCT_NAME = "$(TARGET_NAME)";
				SWIFT_EMIT_LOC_STRINGS = NO;
				SWIFT_VERSION = 5.0;
				TARGETED_DEVICE_FAMILY = "1,2";
				TEST_TARGET_NAME = NomadNavigator;
			};
			name = Debug;
		};
		FD9D4F382CD34CE000F04126 /* Release */ = {
			isa = XCBuildConfiguration;
			buildSettings = {
				CODE_SIGN_STYLE = Automatic;
				CURRENT_PROJECT_VERSION = 1;
				DEVELOPMENT_TEAM = 3UNSDYPA3R;
				GENERATE_INFOPLIST_FILE = YES;
				MARKETING_VERSION = 1.0;
				PRODUCT_BUNDLE_IDENTIFIER = me.divkix.NomadNavigatorUITests;
				PRODUCT_NAME = "$(TARGET_NAME)";
				SWIFT_EMIT_LOC_STRINGS = NO;
				SWIFT_VERSION = 5.0;
				TARGETED_DEVICE_FAMILY = "1,2";
				TEST_TARGET_NAME = NomadNavigator;
			};
			name = Release;
		};
/* End XCBuildConfiguration section */

/* Begin XCConfigurationList section */
		FD9D4F022CD34CDF00F04126 /* Build configuration list for PBXProject "NomadNavigator" */ = {
			isa = XCConfigurationList;
			buildConfigurations = (
				FD9D4F312CD34CE000F04126 /* Debug */,
				FD9D4F322CD34CE000F04126 /* Release */,
			);
			defaultConfigurationIsVisible = 0;
			defaultConfigurationName = Release;
		};
		FD9D4F2E2CD34CE000F04126 /* Build configuration list for PBXNativeTarget "NomadNavigator" */ = {
			isa = XCConfigurationList;
			buildConfigurations = (
				FD9D4F2F2CD34CE000F04126 /* Debug */,
				FD9D4F302CD34CE000F04126 /* Release */,
			);
			defaultConfigurationIsVisible = 0;
			defaultConfigurationName = Release;
		};
		FD9D4F332CD34CE000F04126 /* Build configuration list for PBXNativeTarget "NomadNavigatorTests" */ = {
			isa = XCConfigurationList;
			buildConfigurations = (
				FD9D4F342CD34CE000F04126 /* Debug */,
				FD9D4F352CD34CE000F04126 /* Release */,
			);
			defaultConfigurationIsVisible = 0;
			defaultConfigurationName = Release;
		};
		FD9D4F362CD34CE000F04126 /* Build configuration list for PBXNativeTarget "NomadNavigatorUITests" */ = {
			isa = XCConfigurationList;
			buildConfigurations = (
				FD9D4F372CD34CE000F04126 /* Debug */,
				FD9D4F382CD34CE000F04126 /* Release */,
			);
			defaultConfigurationIsVisible = 0;
			defaultConfigurationName = Release;
		};
/* End XCConfigurationList section */
	};
	rootObject = FD9D4EFF2CD34CDF00F04126 /* Project object */;
}
