// !$*UTF8*$!
{
	archiveVersion = 1;
	classes = {
	};
	objectVersion = 77;
	objects = {

/* Begin PBXContainerItemProxy section */
		FD787CF52CC1D80800767041 /* PBXContainerItemProxy */ = {
			isa = PBXContainerItemProxy;
			containerPortal = FD787CDC2CC1D80700767041 /* Project object */;
			proxyType = 1;
			remoteGlobalIDString = FD787CE32CC1D80700767041;
			remoteInfo = TableViewLab5;
		};
		FD787CFF2CC1D80800767041 /* PBXContainerItemProxy */ = {
			isa = PBXContainerItemProxy;
			containerPortal = FD787CDC2CC1D80700767041 /* Project object */;
			proxyType = 1;
			remoteGlobalIDString = FD787CE32CC1D80700767041;
			remoteInfo = TableViewLab5;
		};
/* End PBXContainerItemProxy section */

/* Begin PBXFileReference section */
		FD787CE42CC1D80700767041 /* TableViewLab5.app */ = {isa = PBXFileReference; explicitFileType = wrapper.application; includeInIndex = 0; path = TableViewLab5.app; sourceTree = BUILT_PRODUCTS_DIR; };
		FD787CF42CC1D80800767041 /* TableViewLab5Tests.xctest */ = {isa = PBXFileReference; explicitFileType = wrapper.cfbundle; includeInIndex = 0; path = TableViewLab5Tests.xctest; sourceTree = BUILT_PRODUCTS_DIR; };
		FD787CFE2CC1D80800767041 /* TableViewLab5UITests.xctest */ = {isa = PBXFileReference; explicitFileType = wrapper.cfbundle; includeInIndex = 0; path = TableViewLab5UITests.xctest; sourceTree = BUILT_PRODUCTS_DIR; };
/* End PBXFileReference section */

/* Begin PBXFileSystemSynchronizedRootGroup section */
		FD787CE62CC1D80700767041 /* TableViewLab5 */ = {
			isa = PBXFileSystemSynchronizedRootGroup;
			path = TableViewLab5;
			sourceTree = "<group>";
		};
		FD787CF72CC1D80800767041 /* TableViewLab5Tests */ = {
			isa = PBXFileSystemSynchronizedRootGroup;
			path = TableViewLab5Tests;
			sourceTree = "<group>";
		};
		FD787D012CC1D80800767041 /* TableViewLab5UITests */ = {
			isa = PBXFileSystemSynchronizedRootGroup;
			path = TableViewLab5UITests;
			sourceTree = "<group>";
		};
/* End PBXFileSystemSynchronizedRootGroup section */

/* Begin PBXFrameworksBuildPhase section */
		FD787CE12CC1D80700767041 /* Frameworks */ = {
			isa = PBXFrameworksBuildPhase;
			buildActionMask = 2147483647;
			files = (
			);
			runOnlyForDeploymentPostprocessing = 0;
		};
		FD787CF12CC1D80800767041 /* Frameworks */ = {
			isa = PBXFrameworksBuildPhase;
			buildActionMask = 2147483647;
			files = (
			);
			runOnlyForDeploymentPostprocessing = 0;
		};
		FD787CFB2CC1D80800767041 /* Frameworks */ = {
			isa = PBXFrameworksBuildPhase;
			buildActionMask = 2147483647;
			files = (
			);
			runOnlyForDeploymentPostprocessing = 0;
		};
/* End PBXFrameworksBuildPhase section */

/* Begin PBXGroup section */
		FD787CDB2CC1D80700767041 = {
			isa = PBXGroup;
			children = (
				FD787CE62CC1D80700767041 /* TableViewLab5 */,
				FD787CF72CC1D80800767041 /* TableViewLab5Tests */,
				FD787D012CC1D80800767041 /* TableViewLab5UITests */,
				FD787CE52CC1D80700767041 /* Products */,
			);
			sourceTree = "<group>";
		};
		FD787CE52CC1D80700767041 /* Products */ = {
			isa = PBXGroup;
			children = (
				FD787CE42CC1D80700767041 /* TableViewLab5.app */,
				FD787CF42CC1D80800767041 /* TableViewLab5Tests.xctest */,
				FD787CFE2CC1D80800767041 /* TableViewLab5UITests.xctest */,
			);
			name = Products;
			sourceTree = "<group>";
		};
/* End PBXGroup section */

/* Begin PBXNativeTarget section */
		FD787CE32CC1D80700767041 /* TableViewLab5 */ = {
			isa = PBXNativeTarget;
			buildConfigurationList = FD787D082CC1D80800767041 /* Build configuration list for PBXNativeTarget "TableViewLab5" */;
			buildPhases = (
				FD787CE02CC1D80700767041 /* Sources */,
				FD787CE12CC1D80700767041 /* Frameworks */,
				FD787CE22CC1D80700767041 /* Resources */,
			);
			buildRules = (
			);
			dependencies = (
			);
			fileSystemSynchronizedGroups = (
				FD787CE62CC1D80700767041 /* TableViewLab5 */,
			);
			name = TableViewLab5;
			packageProductDependencies = (
			);
			productName = TableViewLab5;
			productReference = FD787CE42CC1D80700767041 /* TableViewLab5.app */;
			productType = "com.apple.product-type.application";
		};
		FD787CF32CC1D80800767041 /* TableViewLab5Tests */ = {
			isa = PBXNativeTarget;
			buildConfigurationList = FD787D0B2CC1D80800767041 /* Build configuration list for PBXNativeTarget "TableViewLab5Tests" */;
			buildPhases = (
				FD787CF02CC1D80800767041 /* Sources */,
				FD787CF12CC1D80800767041 /* Frameworks */,
				FD787CF22CC1D80800767041 /* Resources */,
			);
			buildRules = (
			);
			dependencies = (
				FD787CF62CC1D80800767041 /* PBXTargetDependency */,
			);
			fileSystemSynchronizedGroups = (
				FD787CF72CC1D80800767041 /* TableViewLab5Tests */,
			);
			name = TableViewLab5Tests;
			packageProductDependencies = (
			);
			productName = TableViewLab5Tests;
			productReference = FD787CF42CC1D80800767041 /* TableViewLab5Tests.xctest */;
			productType = "com.apple.product-type.bundle.unit-test";
		};
		FD787CFD2CC1D80800767041 /* TableViewLab5UITests */ = {
			isa = PBXNativeTarget;
			buildConfigurationList = FD787D0E2CC1D80800767041 /* Build configuration list for PBXNativeTarget "TableViewLab5UITests" */;
			buildPhases = (
				FD787CFA2CC1D80800767041 /* Sources */,
				FD787CFB2CC1D80800767041 /* Frameworks */,
				FD787CFC2CC1D80800767041 /* Resources */,
			);
			buildRules = (
			);
			dependencies = (
				FD787D002CC1D80800767041 /* PBXTargetDependency */,
			);
			fileSystemSynchronizedGroups = (
				FD787D012CC1D80800767041 /* TableViewLab5UITests */,
			);
			name = TableViewLab5UITests;
			packageProductDependencies = (
			);
			productName = TableViewLab5UITests;
			productReference = FD787CFE2CC1D80800767041 /* TableViewLab5UITests.xctest */;
			productType = "com.apple.product-type.bundle.ui-testing";
		};
/* End PBXNativeTarget section */

/* Begin PBXProject section */
		FD787CDC2CC1D80700767041 /* Project object */ = {
			isa = PBXProject;
			attributes = {
				BuildIndependentTargetsInParallel = 1;
				LastSwiftUpdateCheck = 1600;
				LastUpgradeCheck = 1600;
				TargetAttributes = {
					FD787CE32CC1D80700767041 = {
						CreatedOnToolsVersion = 16.0;
					};
					FD787CF32CC1D80800767041 = {
						CreatedOnToolsVersion = 16.0;
						TestTargetID = FD787CE32CC1D80700767041;
					};
					FD787CFD2CC1D80800767041 = {
						CreatedOnToolsVersion = 16.0;
						TestTargetID = FD787CE32CC1D80700767041;
					};
				};
			};
			buildConfigurationList = FD787CDF2CC1D80700767041 /* Build configuration list for PBXProject "TableViewLab5" */;
			developmentRegion = en;
			hasScannedForEncodings = 0;
			knownRegions = (
				en,
				Base,
			);
			mainGroup = FD787CDB2CC1D80700767041;
			minimizedProjectReferenceProxies = 1;
			preferredProjectObjectVersion = 77;
			productRefGroup = FD787CE52CC1D80700767041 /* Products */;
			projectDirPath = "";
			projectRoot = "";
			targets = (
				FD787CE32CC1D80700767041 /* TableViewLab5 */,
				FD787CF32CC1D80800767041 /* TableViewLab5Tests */,
				FD787CFD2CC1D80800767041 /* TableViewLab5UITests */,
			);
		};
/* End PBXProject section */

/* Begin PBXResourcesBuildPhase section */
		FD787CE22CC1D80700767041 /* Resources */ = {
			isa = PBXResourcesBuildPhase;
			buildActionMask = 2147483647;
			files = (
			);
			runOnlyForDeploymentPostprocessing = 0;
		};
		FD787CF22CC1D80800767041 /* Resources */ = {
			isa = PBXResourcesBuildPhase;
			buildActionMask = 2147483647;
			files = (
			);
			runOnlyForDeploymentPostprocessing = 0;
		};
		FD787CFC2CC1D80800767041 /* Resources */ = {
			isa = PBXResourcesBuildPhase;
			buildActionMask = 2147483647;
			files = (
			);
			runOnlyForDeploymentPostprocessing = 0;
		};
/* End PBXResourcesBuildPhase section */

/* Begin PBXSourcesBuildPhase section */
		FD787CE02CC1D80700767041 /* Sources */ = {
			isa = PBXSourcesBuildPhase;
			buildActionMask = 2147483647;
			files = (
			);
			runOnlyForDeploymentPostprocessing = 0;
		};
		FD787CF02CC1D80800767041 /* Sources */ = {
			isa = PBXSourcesBuildPhase;
			buildActionMask = 2147483647;
			files = (
			);
			runOnlyForDeploymentPostprocessing = 0;
		};
		FD787CFA2CC1D80800767041 /* Sources */ = {
			isa = PBXSourcesBuildPhase;
			buildActionMask = 2147483647;
			files = (
			);
			runOnlyForDeploymentPostprocessing = 0;
		};
/* End PBXSourcesBuildPhase section */

/* Begin PBXTargetDependency section */
		FD787CF62CC1D80800767041 /* PBXTargetDependency */ = {
			isa = PBXTargetDependency;
			target = FD787CE32CC1D80700767041 /* TableViewLab5 */;
			targetProxy = FD787CF52CC1D80800767041 /* PBXContainerItemProxy */;
		};
		FD787D002CC1D80800767041 /* PBXTargetDependency */ = {
			isa = PBXTargetDependency;
			target = FD787CE32CC1D80700767041 /* TableViewLab5 */;
			targetProxy = FD787CFF2CC1D80800767041 /* PBXContainerItemProxy */;
		};
/* End PBXTargetDependency section */

/* Begin XCBuildConfiguration section */
		FD787D062CC1D80800767041 /* Debug */ = {
			isa = XCBuildConfiguration;
			buildSettings = {
				ALWAYS_SEARCH_USER_PATHS = NO;
				ASSETCATALOG_COMPILER_GENERATE_SWIFT_ASSET_SYMBOL_EXTENSIONS = YES;
				CLANG_ANALYZER_NONNULL = YES;
				CLANG_ANALYZER_NUMBER_OBJECT_CONVERSION = YES_AGGRESSIVE;
				CLANG_CXX_LANGUAGE_STANDARD = "gnu++20";
				CLANG_ENABLE_MODULES = YES;
				CLANG_ENABLE_OBJC_ARC = YES;
				CLANG_ENABLE_OBJC_WEAK = YES;
				CLANG_WARN_BLOCK_CAPTURE_AUTORELEASING = YES;
				CLANG_WARN_BOOL_CONVERSION = YES;
				CLANG_WARN_COMMA = YES;
				CLANG_WARN_CONSTANT_CONVERSION = YES;
				CLANG_WARN_DEPRECATED_OBJC_IMPLEMENTATIONS = YES;
				CLANG_WARN_DIRECT_OBJC_ISA_USAGE = YES_ERROR;
				CLANG_WARN_DOCUMENTATION_COMMENTS = YES;
				CLANG_WARN_EMPTY_BODY = YES;
				CLANG_WARN_ENUM_CONVERSION = YES;
				CLANG_WARN_INFINITE_RECURSION = YES;
				CLANG_WARN_INT_CONVERSION = YES;
				CLANG_WARN_NON_LITERAL_NULL_CONVERSION = YES;
				CLANG_WARN_OBJC_IMPLICIT_RETAIN_SELF = YES;
				CLANG_WARN_OBJC_LITERAL_CONVERSION = YES;
				CLANG_WARN_OBJC_ROOT_CLASS = YES_ERROR;
				CLANG_WARN_QUOTED_INCLUDE_IN_FRAMEWORK_HEADER = YES;
				CLANG_WARN_RANGE_LOOP_ANALYSIS = YES;
				CLANG_WARN_STRICT_PROTOTYPES = YES;
				CLANG_WARN_SUSPICIOUS_MOVE = YES;
				CLANG_WARN_UNGUARDED_AVAILABILITY = YES_AGGRESSIVE;
				CLANG_WARN_UNREACHABLE_CODE = YES;
				CLANG_WARN__DUPLICATE_METHOD_MATCH = YES;
				COPY_PHASE_STRIP = NO;
				DEBUG_INFORMATION_FORMAT = dwarf;
				ENABLE_STRICT_OBJC_MSGSEND = YES;
				ENABLE_TESTABILITY = YES;
				ENABLE_USER_SCRIPT_SANDBOXING = YES;
				GCC_C_LANGUAGE_STANDARD = gnu17;
				GCC_DYNAMIC_NO_PIC = NO;
				GCC_NO_COMMON_BLOCKS = YES;
				GCC_OPTIMIZATION_LEVEL = 0;
				GCC_PREPROCESSOR_DEFINITIONS = (
					"DEBUG=1",
					"$(inherited)",
				);
				GCC_WARN_64_TO_32_BIT_CONVERSION = YES;
				GCC_WARN_ABOUT_RETURN_TYPE = YES_ERROR;
				GCC_WARN_UNDECLARED_SELECTOR = YES;
				GCC_WARN_UNINITIALIZED_AUTOS = YES_AGGRESSIVE;
				GCC_WARN_UNUSED_FUNCTION = YES;
				GCC_WARN_UNUSED_VARIABLE = YES;
				IPHONEOS_DEPLOYMENT_TARGET = 18.0;
				LOCALIZATION_PREFERS_STRING_CATALOGS = YES;
				MTL_ENABLE_DEBUG_INFO = INCLUDE_SOURCE;
				MTL_FAST_MATH = YES;
				ONLY_ACTIVE_ARCH = YES;
				SDKROOT = iphoneos;
				SWIFT_ACTIVE_COMPILATION_CONDITIONS = "DEBUG $(inherited)";
				SWIFT_OPTIMIZATION_LEVEL = "-Onone";
			};
			name = Debug;
		};
		FD787D072CC1D80800767041 /* Release */ = {
			isa = XCBuildConfiguration;
			buildSettings = {
				ALWAYS_SEARCH_USER_PATHS = NO;
				ASSETCATALOG_COMPILER_GENERATE_SWIFT_ASSET_SYMBOL_EXTENSIONS = YES;
				CLANG_ANALYZER_NONNULL = YES;
				CLANG_ANALYZER_NUMBER_OBJECT_CONVERSION = YES_AGGRESSIVE;
				CLANG_CXX_LANGUAGE_STANDARD = "gnu++20";
				CLANG_ENABLE_MODULES = YES;
				CLANG_ENABLE_OBJC_ARC = YES;
				CLANG_ENABLE_OBJC_WEAK = YES;
				CLANG_WARN_BLOCK_CAPTURE_AUTORELEASING = YES;
				CLANG_WARN_BOOL_CONVERSION = YES;
				CLANG_WARN_COMMA = YES;
				CLANG_WARN_CONSTANT_CONVERSION = YES;
				CLANG_WARN_DEPRECATED_OBJC_IMPLEMENTATIONS = YES;
				CLANG_WARN_DIRECT_OBJC_ISA_USAGE = YES_ERROR;
				CLANG_WARN_DOCUMENTATION_COMMENTS = YES;
				CLANG_WARN_EMPTY_BODY = YES;
				CLANG_WARN_ENUM_CONVERSION = YES;
				CLANG_WARN_INFINITE_RECURSION = YES;
				CLANG_WARN_INT_CONVERSION = YES;
				CLANG_WARN_NON_LITERAL_NULL_CONVERSION = YES;
				CLANG_WARN_OBJC_IMPLICIT_RETAIN_SELF = YES;
				CLANG_WARN_OBJC_LITERAL_CONVERSION = YES;
				CLANG_WARN_OBJC_ROOT_CLASS = YES_ERROR;
				CLANG_WARN_QUOTED_INCLUDE_IN_FRAMEWORK_HEADER = YES;
				CLANG_WARN_RANGE_LOOP_ANALYSIS = YES;
				CLANG_WARN_STRICT_PROTOTYPES = YES;
				CLANG_WARN_SUSPICIOUS_MOVE = YES;
				CLANG_WARN_UNGUARDED_AVAILABILITY = YES_AGGRESSIVE;
				CLANG_WARN_UNREACHABLE_CODE = YES;
				CLANG_WARN__DUPLICATE_METHOD_MATCH = YES;
				COPY_PHASE_STRIP = NO;
				DEBUG_INFORMATION_FORMAT = "dwarf-with-dsym";
				ENABLE_NS_ASSERTIONS = NO;
				ENABLE_STRICT_OBJC_MSGSEND = YES;
				ENABLE_USER_SCRIPT_SANDBOXING = YES;
				GCC_C_LANGUAGE_STANDARD = gnu17;
				GCC_NO_COMMON_BLOCKS = YES;
				GCC_WARN_64_TO_32_BIT_CONVERSION = YES;
				GCC_WARN_ABOUT_RETURN_TYPE = YES_ERROR;
				GCC_WARN_UNDECLARED_SELECTOR = YES;
				GCC_WARN_UNINITIALIZED_AUTOS = YES_AGGRESSIVE;
				GCC_WARN_UNUSED_FUNCTION = YES;
				GCC_WARN_UNUSED_VARIABLE = YES;
				IPHONEOS_DEPLOYMENT_TARGET = 18.0;
				LOCALIZATION_PREFERS_STRING_CATALOGS = YES;
				MTL_ENABLE_DEBUG_INFO = NO;
				MTL_FAST_MATH = YES;
				SDKROOT = iphoneos;
				SWIFT_COMPILATION_MODE = wholemodule;
				VALIDATE_PRODUCT = YES;
			};
			name = Release;
		};
		FD787D092CC1D80800767041 /* Debug */ = {
			isa = XCBuildConfiguration;
			buildSettings = {
				ASSETCATALOG_COMPILER_APPICON_NAME = AppIcon;
				ASSETCATALOG_COMPILER_GLOBAL_ACCENT_COLOR_NAME = AccentColor;
				CODE_SIGN_STYLE = Automatic;
				CURRENT_PROJECT_VERSION = 1;
				DEVELOPMENT_ASSET_PATHS = "\"TableViewLab5/Preview Content\"";
				DEVELOPMENT_TEAM = 3UNSDYPA3R;
				ENABLE_PREVIEWS = YES;
				GENERATE_INFOPLIST_FILE = YES;
				INFOPLIST_KEY_UIApplicationSceneManifest_Generation = YES;
				INFOPLIST_KEY_UIApplicationSupportsIndirectInputEvents = YES;
				INFOPLIST_KEY_UILaunchScreen_Generation = YES;
				INFOPLIST_KEY_UISupportedInterfaceOrientations_iPad = "UIInterfaceOrientationPortrait UIInterfaceOrientationPortraitUpsideDown UIInterfaceOrientationLandscapeLeft UIInterfaceOrientationLandscapeRight";
				INFOPLIST_KEY_UISupportedInterfaceOrientations_iPhone = "UIInterfaceOrientationPortrait UIInterfaceOrientationLandscapeLeft UIInterfaceOrientationLandscapeRight";
				LD_RUNPATH_SEARCH_PATHS = (
					"$(inherited)",
					"@executable_path/Frameworks",
				);
				MARKETING_VERSION = 1.0;
				PRODUCT_BUNDLE_IDENTIFIER = me.divkix.TableViewLab5;
				PRODUCT_NAME = "$(TARGET_NAME)";
				SWIFT_EMIT_LOC_STRINGS = YES;
				SWIFT_VERSION = 5.0;
				TARGETED_DEVICE_FAMILY = "1,2";
			};
			name = Debug;
		};
		FD787D0A2CC1D80800767041 /* Release */ = {
			isa = XCBuildConfiguration;
			buildSettings = {
				ASSETCATALOG_COMPILER_APPICON_NAME = AppIcon;
				ASSETCATALOG_COMPILER_GLOBAL_ACCENT_COLOR_NAME = AccentColor;
				CODE_SIGN_STYLE = Automatic;
				CURRENT_PROJECT_VERSION = 1;
				DEVELOPMENT_ASSET_PATHS = "\"TableViewLab5/Preview Content\"";
				DEVELOPMENT_TEAM = 3UNSDYPA3R;
				ENABLE_PREVIEWS = YES;
				GENERATE_INFOPLIST_FILE = YES;
				INFOPLIST_KEY_UIApplicationSceneManifest_Generation = YES;
				INFOPLIST_KEY_UIApplicationSupportsIndirectInputEvents = YES;
				INFOPLIST_KEY_UILaunchScreen_Generation = YES;
				INFOPLIST_KEY_UISupportedInterfaceOrientations_iPad = "UIInterfaceOrientationPortrait UIInterfaceOrientationPortraitUpsideDown UIInterfaceOrientationLandscapeLeft UIInterfaceOrientationLandscapeRight";
				INFOPLIST_KEY_UISupportedInterfaceOrientations_iPhone = "UIInterfaceOrientationPortrait UIInterfaceOrientationLandscapeLeft UIInterfaceOrientationLandscapeRight";
				LD_RUNPATH_SEARCH_PATHS = (
					"$(inherited)",
					"@executable_path/Frameworks",
				);
				MARKETING_VERSION = 1.0;
				PRODUCT_BUNDLE_IDENTIFIER = me.divkix.TableViewLab5;
				PRODUCT_NAME = "$(TARGET_NAME)";
				SWIFT_EMIT_LOC_STRINGS = YES;
				SWIFT_VERSION = 5.0;
				TARGETED_DEVICE_FAMILY = "1,2";
			};
			name = Release;
		};
		FD787D0C2CC1D80800767041 /* Debug */ = {
			isa = XCBuildConfiguration;
			buildSettings = {
				BUNDLE_LOADER = "$(TEST_HOST)";
				CODE_SIGN_STYLE = Automatic;
				CURRENT_PROJECT_VERSION = 1;
				DEVELOPMENT_TEAM = 3UNSDYPA3R;
				GENERATE_INFOPLIST_FILE = YES;
				IPHONEOS_DEPLOYMENT_TARGET = 18.0;
				MARKETING_VERSION = 1.0;
				PRODUCT_BUNDLE_IDENTIFIER = me.divkix.TableViewLab5Tests;
				PRODUCT_NAME = "$(TARGET_NAME)";
				SWIFT_EMIT_LOC_STRINGS = NO;
				SWIFT_VERSION = 5.0;
				TARGETED_DEVICE_FAMILY = "1,2";
				TEST_HOST = "$(BUILT_PRODUCTS_DIR)/TableViewLab5.app/$(BUNDLE_EXECUTABLE_FOLDER_PATH)/TableViewLab5";
			};
			name = Debug;
		};
		FD787D0D2CC1D80800767041 /* Release */ = {
			isa = XCBuildConfiguration;
			buildSettings = {
				BUNDLE_LOADER = "$(TEST_HOST)";
				CODE_SIGN_STYLE = Automatic;
				CURRENT_PROJECT_VERSION = 1;
				DEVELOPMENT_TEAM = 3UNSDYPA3R;
				GENERATE_INFOPLIST_FILE = YES;
				IPHONEOS_DEPLOYMENT_TARGET = 18.0;
				MARKETING_VERSION = 1.0;
				PRODUCT_BUNDLE_IDENTIFIER = me.divkix.TableViewLab5Tests;
				PRODUCT_NAME = "$(TARGET_NAME)";
				SWIFT_EMIT_LOC_STRINGS = NO;
				SWIFT_VERSION = 5.0;
				TARGETED_DEVICE_FAMILY = "1,2";
				TEST_HOST = "$(BUILT_PRODUCTS_DIR)/TableViewLab5.app/$(BUNDLE_EXECUTABLE_FOLDER_PATH)/TableViewLab5";
			};
			name = Release;
		};
		FD787D0F2CC1D80800767041 /* Debug */ = {
			isa = XCBuildConfiguration;
			buildSettings = {
				CODE_SIGN_STYLE = Automatic;
				CURRENT_PROJECT_VERSION = 1;
				DEVELOPMENT_TEAM = 3UNSDYPA3R;
				GENERATE_INFOPLIST_FILE = YES;
				MARKETING_VERSION = 1.0;
				PRODUCT_BUNDLE_IDENTIFIER = me.divkix.TableViewLab5UITests;
				PRODUCT_NAME = "$(TARGET_NAME)";
				SWIFT_EMIT_LOC_STRINGS = NO;
				SWIFT_VERSION = 5.0;
				TARGETED_DEVICE_FAMILY = "1,2";
				TEST_TARGET_NAME = TableViewLab5;
			};
			name = Debug;
		};
		FD787D102CC1D80800767041 /* Release */ = {
			isa = XCBuildConfiguration;
			buildSettings = {
				CODE_SIGN_STYLE = Automatic;
				CURRENT_PROJECT_VERSION = 1;
				DEVELOPMENT_TEAM = 3UNSDYPA3R;
				GENERATE_INFOPLIST_FILE = YES;
				MARKETING_VERSION = 1.0;
				PRODUCT_BUNDLE_IDENTIFIER = me.divkix.TableViewLab5UITests;
				PRODUCT_NAME = "$(TARGET_NAME)";
				SWIFT_EMIT_LOC_STRINGS = NO;
				SWIFT_VERSION = 5.0;
				TARGETED_DEVICE_FAMILY = "1,2";
				TEST_TARGET_NAME = TableViewLab5;
			};
			name = Release;
		};
/* End XCBuildConfiguration section */

/* Begin XCConfigurationList section */
		FD787CDF2CC1D80700767041 /* Build configuration list for PBXProject "TableViewLab5" */ = {
			isa = XCConfigurationList;
			buildConfigurations = (
				FD787D062CC1D80800767041 /* Debug */,
				FD787D072CC1D80800767041 /* Release */,
			);
			defaultConfigurationIsVisible = 0;
			defaultConfigurationName = Release;
		};
		FD787D082CC1D80800767041 /* Build configuration list for PBXNativeTarget "TableViewLab5" */ = {
			isa = XCConfigurationList;
			buildConfigurations = (
				FD787D092CC1D80800767041 /* Debug */,
				FD787D0A2CC1D80800767041 /* Release */,
			);
			defaultConfigurationIsVisible = 0;
			defaultConfigurationName = Release;
		};
		FD787D0B2CC1D80800767041 /* Build configuration list for PBXNativeTarget "TableViewLab5Tests" */ = {
			isa = XCConfigurationList;
			buildConfigurations = (
				FD787D0C2CC1D80800767041 /* Debug */,
				FD787D0D2CC1D80800767041 /* Release */,
			);
			defaultConfigurationIsVisible = 0;
			defaultConfigurationName = Release;
		};
		FD787D0E2CC1D80800767041 /* Build configuration list for PBXNativeTarget "TableViewLab5UITests" */ = {
			isa = XCConfigurationList;
			buildConfigurations = (
				FD787D0F2CC1D80800767041 /* Debug */,
				FD787D102CC1D80800767041 /* Release */,
			);
			defaultConfigurationIsVisible = 0;
			defaultConfigurationName = Release;
		};
/* End XCConfigurationList section */
	};
	rootObject = FD787CDC2CC1D80700767041 /* Project object */;
}
